
Microsoft Visual Studio Solution File, Format Version 11.00
# Visual Studio 2010
Project("{E24C65DC-7377-472B-9ABA-BC803B73C61A}") = "Plantilla2017", ".", "{07D3FF1F-7524-4AA1-8561-DCEA88088A2C}"
	ProjectSection(WebsiteProperties) = preProject
		TargetFrameworkMoniker = ".NETFramework,Version%3Dv4.0"
		Debug.AspNetCompiler.VirtualPath = "/Plantilla2017"
		Debug.AspNetCompiler.PhysicalPath = "..\Plantilla2017\"
		Debug.AspNetCompiler.TargetPath = "PrecompiledWeb\Plantilla2017\"
		Debug.AspNetCompiler.Updateable = "true"
		Debug.AspNetCompiler.ForceOverwrite = "true"
		Debug.AspNetCompiler.FixedNames = "false"
		Debug.AspNetCompiler.Debug = "True"
		Release.AspNetCompiler.VirtualPath = "/Plantilla2017"
		Release.AspNetCompiler.PhysicalPath = "..\Plantilla2017\"
		Release.AspNetCompiler.TargetPath = "PrecompiledWeb\Plantilla2017\"
		Release.AspNetCompiler.Updateable = "true"
		Release.AspNetCompiler.ForceOverwrite = "true"
		Release.AspNetCompiler.FixedNames = "false"
		Release.AspNetCompiler.Debug = "False"
		VWDPort = "19249"
	EndProjectSection
EndProject
Global
	GlobalSection(SolutionConfigurationPlatforms) = preSolution
		Debug|Any CPU = Debug|Any CPU
	EndGlobalSection
	GlobalSection(ProjectConfigurationPlatforms) = postSolution
		{07D3FF1F-7524-4AA1-8561-DCEA88088A2C}.Debug|Any CPU.ActiveCfg = Debug|Any CPU
		{07D3FF1F-7524-4AA1-8561-DCEA88088A2C}.Debug|Any CPU.Build.0 = Debug|Any CPU
	EndGlobalSection
	GlobalSection(SolutionProperties) = preSolution
		HideSolutionNode = FALSE
	EndGlobalSection
EndGlobal
